
Microsoft Visual Studio Solution File, Format Version 12.00
# Visual Studio Version 17
VisualStudioVersion = 17.4.33103.184
MinimumVisualStudioVersion = 10.0.40219.1
Project("{FAE04EC0-301F-11D3-BF4B-00C04F79EFBC}") = "Educ1", "Educ1\Educ1.csproj", "{F44E56E8-3005-47E1-BADB-C1F513CC43C9}"
EndProject
Project("{FAE04EC0-301F-11D3-BF4B-00C04F79EFBC}") = "Educ2", "Educ2\Educ2.csproj", "{14845CAE-4DB0-4ED7-A859-8132E385C2B2}"
EndProject
Project("{FAE04EC0-301F-11D3-BF4B-00C04F79EFBC}") = "Educ3", "Educ3\Educ3.csproj", "{84278528-3FE0-4DBA-BF09-267FDCDA2597}"
EndProject
Global
	GlobalSection(SolutionConfigurationPlatforms) = preSolution
		Debug|Any CPU = Debug|Any CPU
		Release|Any CPU = Release|Any CPU
	EndGlobalSection
	GlobalSection(ProjectConfigurationPlatforms) = postSolution
		{F44E56E8-3005-47E1-BADB-C1F513CC43C9}.Debug|Any CPU.ActiveCfg = Debug|Any CPU
		{F44E56E8-3005-47E1-BADB-C1F513CC43C9}.Debug|Any CPU.Build.0 = Debug|Any CPU
		{F44E56E8-3005-47E1-BADB-C1F513CC43C9}.Release|Any CPU.ActiveCfg = Release|Any CPU
		{F44E56E8-3005-47E1-BADB-C1F513CC43C9}.Release|Any CPU.Build.0 = Release|Any CPU
		{14845CAE-4DB0-4ED7-A859-8132E385C2B2}.Debug|Any CPU.ActiveCfg = Debug|Any CPU
		{14845CAE-4DB0-4ED7-A859-8132E385C2B2}.Debug|Any CPU.Build.0 = Debug|Any CPU
		{14845CAE-4DB0-4ED7-A859-8132E385C2B2}.Release|Any CPU.ActiveCfg = Release|Any CPU
		{14845CAE-4DB0-4ED7-A859-8132E385C2B2}.Release|Any CPU.Build.0 = Release|Any CPU
		{84278528-3FE0-4DBA-BF09-267FDCDA2597}.Debug|Any CPU.ActiveCfg = Debug|Any CPU
		{84278528-3FE0-4DBA-BF09-267FDCDA2597}.Debug|Any CPU.Build.0 = Debug|Any CPU
		{84278528-3FE0-4DBA-BF09-267FDCDA2597}.Release|Any CPU.ActiveCfg = Release|Any CPU
		{84278528-3FE0-4DBA-BF09-267FDCDA2597}.Release|Any CPU.Build.0 = Release|Any CPU
	EndGlobalSection
	GlobalSection(SolutionProperties) = preSolution
		HideSolutionNode = FALSE
	EndGlobalSection
	GlobalSection(ExtensibilityGlobals) = postSolution
		SolutionGuid = {B8AC26FE-F7B6-47C3-ACE3-51BE62DE7704}
	EndGlobalSection
EndGlobal
